
Microsoft Visual Studio Solution File, Format Version 12.00
# Visual Studio Version 17
VisualStudioVersion = 17.2.32526.322
MinimumVisualStudioVersion = 10.0.40219.1
Project("{FAE04EC0-301F-11D3-BF4B-00C04F79EFBC}") = "ErrorLogWeb", "ErrorLogWeb\ErrorLogWeb.csproj", "{B65C0DB0-C0D9-4717-B3A0-740BAB140077}"
EndProject
Project("{FAE04EC0-301F-11D3-BF4B-00C04F79EFBC}") = "Model", "Model\Model.csproj", "{2740883E-1AC3-4016-94C1-E414641D86D9}"
EndProject
Project("{FAE04EC0-301F-11D3-BF4B-00C04F79EFBC}") = "BuisnessLogicLayer", "BuisnessLogicLayer\BuisnessLogicLayer.csproj", "{84C1B5BD-9655-4B7F-A15D-5D97332C9E01}"
EndProject
Project("{FAE04EC0-301F-11D3-BF4B-00C04F79EFBC}") = "DataAccessLayer", "DataAccessLayer\DataAccessLayer.csproj", "{0AB7FB98-5B7F-4FDA-9CA1-9E73886CC341}"
EndProject
Project("{2150E333-8FDC-42A3-9474-1A3956D46DE8}") = "Solution Items", "Solution Items", "{76EBFD6B-7F00-4D65-8710-5B667A849867}"
	ProjectSection(SolutionItems) = preProject
		README.txt = README.txt
	EndProjectSection
EndProject
Global
	GlobalSection(SolutionConfigurationPlatforms) = preSolution
		Debug|Any CPU = Debug|Any CPU
		Release|Any CPU = Release|Any CPU
	EndGlobalSection
	GlobalSection(ProjectConfigurationPlatforms) = postSolution
		{B65C0DB0-C0D9-4717-B3A0-740BAB140077}.Debug|Any CPU.ActiveCfg = Debug|Any CPU
		{B65C0DB0-C0D9-4717-B3A0-740BAB140077}.Debug|Any CPU.Build.0 = Debug|Any CPU
		{B65C0DB0-C0D9-4717-B3A0-740BAB140077}.Release|Any CPU.ActiveCfg = Release|Any CPU
		{B65C0DB0-C0D9-4717-B3A0-740BAB140077}.Release|Any CPU.Build.0 = Release|Any CPU
		{2740883E-1AC3-4016-94C1-E414641D86D9}.Debug|Any CPU.ActiveCfg = Debug|Any CPU
		{2740883E-1AC3-4016-94C1-E414641D86D9}.Debug|Any CPU.Build.0 = Debug|Any CPU
		{2740883E-1AC3-4016-94C1-E414641D86D9}.Release|Any CPU.ActiveCfg = Release|Any CPU
		{2740883E-1AC3-4016-94C1-E414641D86D9}.Release|Any CPU.Build.0 = Release|Any CPU
		{84C1B5BD-9655-4B7F-A15D-5D97332C9E01}.Debug|Any CPU.ActiveCfg = Debug|Any CPU
		{84C1B5BD-9655-4B7F-A15D-5D97332C9E01}.Debug|Any CPU.Build.0 = Debug|Any CPU
		{84C1B5BD-9655-4B7F-A15D-5D97332C9E01}.Release|Any CPU.ActiveCfg = Release|Any CPU
		{84C1B5BD-9655-4B7F-A15D-5D97332C9E01}.Release|Any CPU.Build.0 = Release|Any CPU
		{0AB7FB98-5B7F-4FDA-9CA1-9E73886CC341}.Debug|Any CPU.ActiveCfg = Debug|Any CPU
		{0AB7FB98-5B7F-4FDA-9CA1-9E73886CC341}.Debug|Any CPU.Build.0 = Debug|Any CPU
		{0AB7FB98-5B7F-4FDA-9CA1-9E73886CC341}.Release|Any CPU.ActiveCfg = Release|Any CPU
		{0AB7FB98-5B7F-4FDA-9CA1-9E73886CC341}.Release|Any CPU.Build.0 = Release|Any CPU
	EndGlobalSection
	GlobalSection(SolutionProperties) = preSolution
		HideSolutionNode = FALSE
	EndGlobalSection
	GlobalSection(ExtensibilityGlobals) = postSolution
		SolutionGuid = {3FBAA57A-04EA-43BB-8A1E-4CF21C4CD176}
	EndGlobalSection
EndGlobal
